
Microsoft Visual Studio Solution File, Format Version 12.00
# Visual Studio Version 17
VisualStudioVersion = 17.8.34330.188
MinimumVisualStudioVersion = 10.0.40219.1
Project("{FAE04EC0-301F-11D3-BF4B-00C04F79EFBC}") = "CRUD", "CRUD\CRUD.csproj", "{3E8250EA-E4F4-403D-BC4E-907FDE26CBA3}"
EndProject
Global
	GlobalSection(SolutionConfigurationPlatforms) = preSolution
		Debug|Any CPU = Debug|Any CPU
		Release|Any CPU = Release|Any CPU
	EndGlobalSection
	GlobalSection(ProjectConfigurationPlatforms) = postSolution
		{3E8250EA-E4F4-403D-BC4E-907FDE26CBA3}.Debug|Any CPU.ActiveCfg = Debug|Any CPU
		{3E8250EA-E4F4-403D-BC4E-907FDE26CBA3}.Debug|Any CPU.Build.0 = Debug|Any CPU
		{3E8250EA-E4F4-403D-BC4E-907FDE26CBA3}.Release|Any CPU.ActiveCfg = Release|Any CPU
		{3E8250EA-E4F4-403D-BC4E-907FDE26CBA3}.Release|Any CPU.Build.0 = Release|Any CPU
	EndGlobalSection
	GlobalSection(SolutionProperties) = preSolution
		HideSolutionNode = FALSE
	EndGlobalSection
	GlobalSection(ExtensibilityGlobals) = postSolution
		SolutionGuid = {1ACCB4B8-4ED2-4841-968D-728C531FCEC6}
	EndGlobalSection
EndGlobal
